
Microsoft Visual Studio Solution File, Format Version 12.00
# Visual Studio Version 16
VisualStudioVersion = 16.0.30611.23
MinimumVisualStudioVersion = 10.0.40219.1
Project("{FAE04EC0-301F-11D3-BF4B-00C04F79EFBC}") = "animated-spoon", "animated-spoon.csproj", "{9FACBF64-F94F-4107-A5CA-BF68F5BAC083}"
EndProject
Global
	GlobalSection(SolutionConfigurationPlatforms) = preSolution
		Debug|Any CPU = Debug|Any CPU
		Release|Any CPU = Release|Any CPU
	EndGlobalSection
	GlobalSection(ProjectConfigurationPlatforms) = postSolution
		{9FACBF64-F94F-4107-A5CA-BF68F5BAC083}.Debug|Any CPU.ActiveCfg = Debug|Any CPU
		{9FACBF64-F94F-4107-A5CA-BF68F5BAC083}.Debug|Any CPU.Build.0 = Debug|Any CPU
		{9FACBF64-F94F-4107-A5CA-BF68F5BAC083}.Release|Any CPU.ActiveCfg = Release|Any CPU
		{9FACBF64-F94F-4107-A5CA-BF68F5BAC083}.Release|Any CPU.Build.0 = Release|Any CPU
	EndGlobalSection
	GlobalSection(SolutionProperties) = preSolution
		HideSolutionNode = FALSE
	EndGlobalSection
	GlobalSection(ExtensibilityGlobals) = postSolution
		SolutionGuid = {5B015E53-A4C9-440A-81E9-2E8135962EBF}
	EndGlobalSection
EndGlobal
